// !$*UTF8*$!
{
	archiveVersion = 1;
	classes = {
	};
	objectVersion = 46;
	objects = {

/* Begin PBXBuildFile section */
		B14011261B009F17008DB534 /* AppDelegate.swift in Sources */ = {isa = PBXBuildFile; fileRef = B14011251B009F17008DB534 /* AppDelegate.swift */; };
		B14011281B009F17008DB534 /* ViewController.swift in Sources */ = {isa = PBXBuildFile; fileRef = B14011271B009F17008DB534 /* ViewController.swift */; };
		B140112B1B009F17008DB534 /* Main.storyboard in Resources */ = {isa = PBXBuildFile; fileRef = B14011291B009F17008DB534 /* Main.storyboard */; };
		B140112D1B009F17008DB534 /* Images.xcassets in Resources */ = {isa = PBXBuildFile; fileRef = B140112C1B009F17008DB534 /* Images.xcassets */; };
		B14011301B009F17008DB534 /* LaunchScreen.xib in Resources */ = {isa = PBXBuildFile; fileRef = B140112E1B009F17008DB534 /* LaunchScreen.xib */; };
		B140113C1B009F17008DB534 /* AppleWatchLabelTests.swift in Sources */ = {isa = PBXBuildFile; fileRef = B140113B1B009F17008DB534 /* AppleWatchLabelTests.swift */; };
		B140114E1B009F36008DB534 /* InterfaceController.swift in Sources */ = {isa = PBXBuildFile; fileRef = B140114D1B009F36008DB534 /* InterfaceController.swift */; };
		B14011501B009F36008DB534 /* Images.xcassets in Resources */ = {isa = PBXBuildFile; fileRef = B140114F1B009F36008DB534 /* Images.xcassets */; };
		B14011541B009F36008DB534 /* AppleWatchLabel WatchKit App.app in Resources */ = {isa = PBXBuildFile; fileRef = B14011531B009F36008DB534 /* AppleWatchLabel WatchKit App.app */; };
		B140115E1B009F36008DB534 /* Images.xcassets in Resources */ = {isa = PBXBuildFile; fileRef = B140115D1B009F36008DB534 /* Images.xcassets */; };
		B14011611B009F36008DB534 /* AppleWatchLabel WatchKit Extension.appex in Embed App Extensions */ = {isa = PBXBuildFile; fileRef = B14011491B009F36008DB534 /* AppleWatchLabel WatchKit Extension.appex */; settings = {ATTRIBUTES = (RemoveHeadersOnCopy, ); }; };
		B140116A1B011CA5008DB534 /* SecondInterfaceController.swift in Sources */ = {isa = PBXBuildFile; fileRef = B14011691B011CA5008DB534 /* SecondInterfaceController.swift */; };
		B140116B1B01D51B008DB534 /* Interface.storyboard in Resources */ = {isa = PBXBuildFile; fileRef = B140115A1B009F36008DB534 /* Interface.storyboard */; };
/* End PBXBuildFile section */

/* Begin PBXContainerItemProxy section */
		B14011361B009F17008DB534 /* PBXContainerItemProxy */ = {
			isa = PBXContainerItemProxy;
			containerPortal = B14011181B009F16008DB534 /* Project object */;
			proxyType = 1;
			remoteGlobalIDString = B140111F1B009F16008DB534;
			remoteInfo = AppleWatchLabel;
		};
		B14011551B009F36008DB534 /* PBXContainerItemProxy */ = {
			isa = PBXContainerItemProxy;
			containerPortal = B14011181B009F16008DB534 /* Project object */;
			proxyType = 1;
			remoteGlobalIDString = B14011521B009F36008DB534;
			remoteInfo = "AppleWatchLabel WatchKit App";
		};
		B140115F1B009F36008DB534 /* PBXContainerItemProxy */ = {
			isa = PBXContainerItemProxy;
			containerPortal = B14011181B009F16008DB534 /* Project object */;
			proxyType = 1;
			remoteGlobalIDString = B14011481B009F36008DB534;
			remoteInfo = "AppleWatchLabel WatchKit Extension";
		};
/* End PBXContainerItemProxy section */

/* Begin PBXCopyFilesBuildPhase section */
		B14011681B009F36008DB534 /* Embed App Extensions */ = {
			isa = PBXCopyFilesBuildPhase;
			buildActionMask = 2147483647;
			dstPath = "";
			dstSubfolderSpec = 13;
			files = (
				B14011611B009F36008DB534 /* AppleWatchLabel WatchKit Extension.appex in Embed App Extensions */,
			);
			name = "Embed App Extensions";
			runOnlyForDeploymentPostprocessing = 0;
		};
/* End PBXCopyFilesBuildPhase section */

/* Begin PBXFileReference section */
		B14011201B009F16008DB534 /* AppleWatchLabel.app */ = {isa = PBXFileReference; explicitFileType = wrapper.application; includeInIndex = 0; path = AppleWatchLabel.app; sourceTree = BUILT_PRODUCTS_DIR; };
		B14011241B009F17008DB534 /* Info.plist */ = {isa = PBXFileReference; lastKnownFileType = text.plist.xml; path = Info.plist; sourceTree = "<group>"; };
		B14011251B009F17008DB534 /* AppDelegate.swift */ = {isa = PBXFileReference; lastKnownFileType = sourcecode.swift; path = AppDelegate.swift; sourceTree = "<group>"; };
		B14011271B009F17008DB534 /* ViewController.swift */ = {isa = PBXFileReference; lastKnownFileType = sourcecode.swift; path = ViewController.swift; sourceTree = "<group>"; };
		B140112A1B009F17008DB534 /* Base */ = {isa = PBXFileReference; lastKnownFileType = file.storyboard; name = Base; path = Base.lproj/Main.storyboard; sourceTree = "<group>"; };
		B140112C1B009F17008DB534 /* Images.xcassets */ = {isa = PBXFileReference; lastKnownFileType = folder.assetcatalog; path = Images.xcassets; sourceTree = "<group>"; };
		B140112F1B009F17008DB534 /* Base */ = {isa = PBXFileReference; lastKnownFileType = file.xib; name = Base; path = Base.lproj/LaunchScreen.xib; sourceTree = "<group>"; };
		B14011351B009F17008DB534 /* AppleWatchLabelTests.xctest */ = {isa = PBXFileReference; explicitFileType = wrapper.cfbundle; includeInIndex = 0; path = AppleWatchLabelTests.xctest; sourceTree = BUILT_PRODUCTS_DIR; };
		B140113A1B009F17008DB534 /* Info.plist */ = {isa = PBXFileReference; lastKnownFileType = text.plist.xml; path = Info.plist; sourceTree = "<group>"; };
		B140113B1B009F17008DB534 /* AppleWatchLabelTests.swift */ = {isa = PBXFileReference; lastKnownFileType = sourcecode.swift; path = AppleWatchLabelTests.swift; sourceTree = "<group>"; };
		B14011491B009F36008DB534 /* AppleWatchLabel WatchKit Extension.appex */ = {isa = PBXFileReference; explicitFileType = "wrapper.app-extension"; includeInIndex = 0; path = "AppleWatchLabel WatchKit Extension.appex"; sourceTree = BUILT_PRODUCTS_DIR; };
		B140114C1B009F36008DB534 /* Info.plist */ = {isa = PBXFileReference; lastKnownFileType = text.plist.xml; path = Info.plist; sourceTree = "<group>"; };
		B140114D1B009F36008DB534 /* InterfaceController.swift */ = {isa = PBXFileReference; lastKnownFileType = sourcecode.swift; path = InterfaceController.swift; sourceTree = "<group>"; };
		B140114F1B009F36008DB534 /* Images.xcassets */ = {isa = PBXFileReference; lastKnownFileType = folder.assetcatalog; path = Images.xcassets; sourceTree = "<group>"; };
		B14011531B009F36008DB534 /* AppleWatchLabel WatchKit App.app */ = {isa = PBXFileReference; explicitFileType = wrapper.application; includeInIndex = 0; path = "AppleWatchLabel WatchKit App.app"; sourceTree = BUILT_PRODUCTS_DIR; };
		B14011591B009F36008DB534 /* Info.plist */ = {isa = PBXFileReference; lastKnownFileType = text.plist.xml; path = Info.plist; sourceTree = "<group>"; };
		B140115B1B009F36008DB534 /* Base */ = {isa = PBXFileReference; lastKnownFileType = file.storyboard; name = Base; path = Base.lproj/Interface.storyboard; sourceTree = "<group>"; };
		B140115D1B009F36008DB534 /* Images.xcassets */ = {isa = PBXFileReference; lastKnownFileType = folder.assetcatalog; path = Images.xcassets; sourceTree = "<group>"; };
		B14011691B011CA5008DB534 /* SecondInterfaceController.swift */ = {isa = PBXFileReference; fileEncoding = 4; lastKnownFileType = sourcecode.swift; path = SecondInterfaceController.swift; sourceTree = "<group>"; };
/* End PBXFileReference section */

/* Begin PBXFrameworksBuildPhase section */
		B140111D1B009F16008DB534 /* Frameworks */ = {
			isa = PBXFrameworksBuildPhase;
			buildActionMask = 2147483647;
			files = (
			);
			runOnlyForDeploymentPostprocessing = 0;
		};
		B14011321B009F17008DB534 /* Frameworks */ = {
			isa = PBXFrameworksBuildPhase;
			buildActionMask = 2147483647;
			files = (
			);
			runOnlyForDeploymentPostprocessing = 0;
		};
		B14011461B009F36008DB534 /* Frameworks */ = {
			isa = PBXFrameworksBuildPhase;
			buildActionMask = 2147483647;
			files = (
			);
			runOnlyForDeploymentPostprocessing = 0;
		};
/* End PBXFrameworksBuildPhase section */

/* Begin PBXGroup section */
		B14011171B009F16008DB534 = {
			isa = PBXGroup;
			children = (
				B14011221B009F17008DB534 /* AppleWatchLabel */,
				B14011381B009F17008DB534 /* AppleWatchLabelTests */,
				B140114A1B009F36008DB534 /* AppleWatchLabel WatchKit Extension */,
				B14011571B009F36008DB534 /* AppleWatchLabel WatchKit App */,
				B14011211B009F16008DB534 /* Products */,
			);
			sourceTree = "<group>";
		};
		B14011211B009F16008DB534 /* Products */ = {
			isa = PBXGroup;
			children = (
				B14011201B009F16008DB534 /* AppleWatchLabel.app */,
				B14011351B009F17008DB534 /* AppleWatchLabelTests.xctest */,
				B14011491B009F36008DB534 /* AppleWatchLabel WatchKit Extension.appex */,
				B14011531B009F36008DB534 /* AppleWatchLabel WatchKit App.app */,
			);
			name = Products;
			sourceTree = "<group>";
		};
		B14011221B009F17008DB534 /* AppleWatchLabel */ = {
			isa = PBXGroup;
			children = (
				B14011251B009F17008DB534 /* AppDelegate.swift */,
				B14011271B009F17008DB534 /* ViewController.swift */,
				B14011291B009F17008DB534 /* Main.storyboard */,
				B140112C1B009F17008DB534 /* Images.xcassets */,
				B140112E1B009F17008DB534 /* LaunchScreen.xib */,
				B14011231B009F17008DB534 /* Supporting Files */,
			);
			path = AppleWatchLabel;
			sourceTree = "<group>";
		};
		B14011231B009F17008DB534 /* Supporting Files */ = {
			isa = PBXGroup;
			children = (
				B14011241B009F17008DB534 /* Info.plist */,
			);
			name = "Supporting Files";
			sourceTree = "<group>";
		};
		B14011381B009F17008DB534 /* AppleWatchLabelTests */ = {
			isa = PBXGroup;
			children = (
				B140113B1B009F17008DB534 /* AppleWatchLabelTests.swift */,
				B14011391B009F17008DB534 /* Supporting Files */,
			);
			path = AppleWatchLabelTests;
			sourceTree = "<group>";
		};
		B14011391B009F17008DB534 /* Supporting Files */ = {
			isa = PBXGroup;
			children = (
				B140113A1B009F17008DB534 /* Info.plist */,
			);
			name = "Supporting Files";
			sourceTree = "<group>";
		};
		B140114A1B009F36008DB534 /* AppleWatchLabel WatchKit Extension */ = {
			isa = PBXGroup;
			children = (
				B140114D1B009F36008DB534 /* InterfaceController.swift */,
				B14011691B011CA5008DB534 /* SecondInterfaceController.swift */,
				B140114F1B009F36008DB534 /* Images.xcassets */,
				B140114B1B009F36008DB534 /* Supporting Files */,
			);
			path = "AppleWatchLabel WatchKit Extension";
			sourceTree = "<group>";
		};
		B140114B1B009F36008DB534 /* Supporting Files */ = {
			isa = PBXGroup;
			children = (
				B140114C1B009F36008DB534 /* Info.plist */,
			);
			name = "Supporting Files";
			sourceTree = "<group>";
		};
		B14011571B009F36008DB534 /* AppleWatchLabel WatchKit App */ = {
			isa = PBXGroup;
			children = (
				B140115A1B009F36008DB534 /* Interface.storyboard */,
				B140115D1B009F36008DB534 /* Images.xcassets */,
				B14011581B009F36008DB534 /* Supporting Files */,
			);
			path = "AppleWatchLabel WatchKit App";
			sourceTree = "<group>";
		};
		B14011581B009F36008DB534 /* Supporting Files */ = {
			isa = PBXGroup;
			children = (
				B14011591B009F36008DB534 /* Info.plist */,
			);
			name = "Supporting Files";
			sourceTree = "<group>";
		};
/* End PBXGroup section */

/* Begin PBXNativeTarget section */
		B140111F1B009F16008DB534 /* AppleWatchLabel */ = {
			isa = PBXNativeTarget;
			buildConfigurationList = B140113F1B009F17008DB534 /* Build configuration list for PBXNativeTarget "AppleWatchLabel" */;
			buildPhases = (
				B140111C1B009F16008DB534 /* Sources */,
				B140111D1B009F16008DB534 /* Frameworks */,
				B140111E1B009F16008DB534 /* Resources */,
				B14011681B009F36008DB534 /* Embed App Extensions */,
			);
			buildRules = (
			);
			dependencies = (
				B14011601B009F36008DB534 /* PBXTargetDependency */,
			);
			name = AppleWatchLabel;
			productName = AppleWatchLabel;
			productReference = B14011201B009F16008DB534 /* AppleWatchLabel.app */;
			productType = "com.apple.product-type.application";
		};
		B14011341B009F17008DB534 /* AppleWatchLabelTests */ = {
			isa = PBXNativeTarget;
			buildConfigurationList = B14011421B009F17008DB534 /* Build configuration list for PBXNativeTarget "AppleWatchLabelTests" */;
			buildPhases = (
				B14011311B009F17008DB534 /* Sources */,
				B14011321B009F17008DB534 /* Frameworks */,
				B14011331B009F17008DB534 /* Resources */,
			);
			buildRules = (
			);
			dependencies = (
				B14011371B009F17008DB534 /* PBXTargetDependency */,
			);
			name = AppleWatchLabelTests;
			productName = AppleWatchLabelTests;
			productReference = B14011351B009F17008DB534 /* AppleWatchLabelTests.xctest */;
			productType = "com.apple.product-type.bundle.unit-test";
		};
		B14011481B009F36008DB534 /* AppleWatchLabel WatchKit Extension */ = {
			isa = PBXNativeTarget;
			buildConfigurationList = B14011651B009F36008DB534 /* Build configuration list for PBXNativeTarget "AppleWatchLabel WatchKit Extension" */;
			buildPhases = (
				B14011451B009F36008DB534 /* Sources */,
				B14011461B009F36008DB534 /* Frameworks */,
				B14011471B009F36008DB534 /* Resources */,
			);
			buildRules = (
			);
			dependencies = (
				B14011561B009F36008DB534 /* PBXTargetDependency */,
			);
			name = "AppleWatchLabel WatchKit Extension";
			productName = "AppleWatchLabel WatchKit Extension";
			productReference = B14011491B009F36008DB534 /* AppleWatchLabel WatchKit Extension.appex */;
			productType = "com.apple.product-type.watchkit-extension";
		};
		B14011521B009F36008DB534 /* AppleWatchLabel WatchKit App */ = {
			isa = PBXNativeTarget;
			buildConfigurationList = B14011621B009F36008DB534 /* Build configuration list for PBXNativeTarget "AppleWatchLabel WatchKit App" */;
			buildPhases = (
				B14011511B009F36008DB534 /* Resources */,
			);
			buildRules = (
			);
			dependencies = (
			);
			name = "AppleWatchLabel WatchKit App";
			productName = "AppleWatchLabel WatchKit App";
			productReference = B14011531B009F36008DB534 /* AppleWatchLabel WatchKit App.app */;
			productType = "com.apple.product-type.application.watchapp";
		};
/* End PBXNativeTarget section */

/* Begin PBXProject section */
		B14011181B009F16008DB534 /* Project object */ = {
			isa = PBXProject;
			attributes = {
				LastUpgradeCheck = 0630;
				ORGANIZATIONNAME = "miyamoto haruna";
				TargetAttributes = {
					B140111F1B009F16008DB534 = {
						CreatedOnToolsVersion = 6.3.1;
					};
					B14011341B009F17008DB534 = {
						CreatedOnToolsVersion = 6.3.1;
						TestTargetID = B140111F1B009F16008DB534;
					};
					B14011481B009F36008DB534 = {
						CreatedOnToolsVersion = 6.3.1;
					};
					B14011521B009F36008DB534 = {
						CreatedOnToolsVersion = 6.3.1;
					};
				};
			};
			buildConfigurationList = B140111B1B009F16008DB534 /* Build configuration list for PBXProject "AppleWatchLabel" */;
			compatibilityVersion = "Xcode 3.2";
			developmentRegion = English;
			hasScannedForEncodings = 0;
			knownRegions = (
				en,
				Base,
			);
			mainGroup = B14011171B009F16008DB534;
			productRefGroup = B14011211B009F16008DB534 /* Products */;
			projectDirPath = "";
			projectRoot = "";
			targets = (
				B140111F1B009F16008DB534 /* AppleWatchLabel */,
				B14011341B009F17008DB534 /* AppleWatchLabelTests */,
				B14011481B009F36008DB534 /* AppleWatchLabel WatchKit Extension */,
				B14011521B009F36008DB534 /* AppleWatchLabel WatchKit App */,
			);
		};
/* End PBXProject section */

/* Begin PBXResourcesBuildPhase section */
		B140111E1B009F16008DB534 /* Resources */ = {
			isa = PBXResourcesBuildPhase;
			buildActionMask = 2147483647;
			files = (
				B140112B1B009F17008DB534 /* Main.storyboard in Resources */,
				B14011301B009F17008DB534 /* LaunchScreen.xib in Resources */,
				B140112D1B009F17008DB534 /* Images.xcassets in Resources */,
			);
			runOnlyForDeploymentPostprocessing = 0;
		};
		B14011331B009F17008DB534 /* Resources */ = {
			isa = PBXResourcesBuildPhase;
			buildActionMask = 2147483647;
			files = (
			);
			runOnlyForDeploymentPostprocessing = 0;
		};
		B14011471B009F36008DB534 /* Resources */ = {
			isa = PBXResourcesBuildPhase;
			buildActionMask = 2147483647;
			files = (
				B14011541B009F36008DB534 /* AppleWatchLabel WatchKit App.app in Resources */,
				B140116B1B01D51B008DB534 /* Interface.storyboard in Resources */,
				B14011501B009F36008DB534 /* Images.xcassets in Resources */,
			);
			runOnlyForDeploymentPostprocessing = 0;
		};
		B14011511B009F36008DB534 /* Resources */ = {
			isa = PBXResourcesBuildPhase;
			buildActionMask = 2147483647;
			files = (
				B140115E1B009F36008DB534 /* Images.xcassets in Resources */,
			);
			runOnlyForDeploymentPostprocessing = 0;
		};
/* End PBXResourcesBuildPhase section */

/* Begin PBXSourcesBuildPhase section */
		B140111C1B009F16008DB534 /* Sources */ = {
			isa = PBXSourcesBuildPhase;
			buildActionMask = 2147483647;
			files = (
				B14011281B009F17008DB534 /* ViewController.swift in Sources */,
				B14011261B009F17008DB534 /* AppDelegate.swift in Sources */,
			);
			runOnlyForDeploymentPostprocessing = 0;
		};
		B14011311B009F17008DB534 /* Sources */ = {
			isa = PBXSourcesBuildPhase;
			buildActionMask = 2147483647;
			files = (
				B140113C1B009F17008DB534 /* AppleWatchLabelTests.swift in Sources */,
			);
			runOnlyForDeploymentPostprocessing = 0;
		};
		B14011451B009F36008DB534 /* Sources */ = {
			isa = PBXSourcesBuildPhase;
			buildActionMask = 2147483647;
			files = (
				B140114E1B009F36008DB534 /* InterfaceController.swift in Sources */,
				B140116A1B011CA5008DB534 /* SecondInterfaceController.swift in Sources */,
			);
			runOnlyForDeploymentPostprocessing = 0;
		};
/* End PBXSourcesBuildPhase section */

/* Begin PBXTargetDependency section */
		B14011371B009F17008DB534 /* PBXTargetDependency */ = {
			isa = PBXTargetDependency;
			target = B140111F1B009F16008DB534 /* AppleWatchLabel */;
			targetProxy = B14011361B009F17008DB534 /* PBXContainerItemProxy */;
		};
		B14011561B009F36008DB534 /* PBXTargetDependency */ = {
			isa = PBXTargetDependency;
			target = B14011521B009F36008DB534 /* AppleWatchLabel WatchKit App */;
			targetProxy = B14011551B009F36008DB534 /* PBXContainerItemProxy */;
		};
		B14011601B009F36008DB534 /* PBXTargetDependency */ = {
			isa = PBXTargetDependency;
			target = B14011481B009F36008DB534 /* AppleWatchLabel WatchKit Extension */;
			targetProxy = B140115F1B009F36008DB534 /* PBXContainerItemProxy */;
		};
/* End PBXTargetDependency section */

/* Begin PBXVariantGroup section */
		B14011291B009F17008DB534 /* Main.storyboard */ = {
			isa = PBXVariantGroup;
			children = (
				B140112A1B009F17008DB534 /* Base */,
			);
			name = Main.storyboard;
			sourceTree = "<group>";
		};
		B140112E1B009F17008DB534 /* LaunchScreen.xib */ = {
			isa = PBXVariantGroup;
			children = (
				B140112F1B009F17008DB534 /* Base */,
			);
			name = LaunchScreen.xib;
			sourceTree = "<group>";
		};
		B140115A1B009F36008DB534 /* Interface.storyboard */ = {
			isa = PBXVariantGroup;
			children = (
				B140115B1B009F36008DB534 /* Base */,
			);
			name = Interface.storyboard;
			sourceTree = "<group>";
		};
/* End PBXVariantGroup section */

/* Begin XCBuildConfiguration section */
		B140113D1B009F17008DB534 /* Debug */ = {
			isa = XCBuildConfiguration;
			buildSettings = {
				ALWAYS_SEARCH_USER_PATHS = NO;
				CLANG_CXX_LANGUAGE_STANDARD = "gnu++0x";
				CLANG_CXX_LIBRARY = "libc++";
				CLANG_ENABLE_MODULES = YES;
				CLANG_ENABLE_OBJC_ARC = YES;
				CLANG_WARN_BOOL_CONVERSION = YES;
				CLANG_WARN_CONSTANT_CONVERSION = YES;
				CLANG_WARN_DIRECT_OBJC_ISA_USAGE = YES_ERROR;
				CLANG_WARN_EMPTY_BODY = YES;
				CLANG_WARN_ENUM_CONVERSION = YES;
				CLANG_WARN_INT_CONVERSION = YES;
				CLANG_WARN_OBJC_ROOT_CLASS = YES_ERROR;
				CLANG_WARN_UNREACHABLE_CODE = YES;
				CLANG_WARN__DUPLICATE_METHOD_MATCH = YES;
				"CODE_SIGN_IDENTITY[sdk=iphoneos*]" = "iPhone Developer";
				COPY_PHASE_STRIP = NO;
				DEBUG_INFORMATION_FORMAT = "dwarf-with-dsym";
				ENABLE_STRICT_OBJC_MSGSEND = YES;
				GCC_C_LANGUAGE_STANDARD = gnu99;
				GCC_DYNAMIC_NO_PIC = NO;
				GCC_NO_COMMON_BLOCKS = YES;
				GCC_OPTIMIZATION_LEVEL = 0;
				GCC_PREPROCESSOR_DEFINITIONS = (
					"DEBUG=1",
					"$(inherited)",
				);
				GCC_SYMBOLS_PRIVATE_EXTERN = NO;
				GCC_WARN_64_TO_32_BIT_CONVERSION = YES;
				GCC_WARN_ABOUT_RETURN_TYPE = YES_ERROR;
				GCC_WARN_UNDECLARED_SELECTOR = YES;
				GCC_WARN_UNINITIALIZED_AUTOS = YES_AGGRESSIVE;
				GCC_WARN_UNUSED_FUNCTION = YES;
				GCC_WARN_UNUSED_VARIABLE = YES;
				IPHONEOS_DEPLOYMENT_TARGET = 8.3;
				MTL_ENABLE_DEBUG_INFO = YES;
				ONLY_ACTIVE_ARCH = YES;
				SDKROOT = iphoneos;
				SWIFT_OPTIMIZATION_LEVEL = "-Onone";
			};
			name = Debug;
		};
		B140113E1B009F17008DB534 /* Release */ = {
			isa = XCBuildConfiguration;
			buildSettings = {
				ALWAYS_SEARCH_USER_PATHS = NO;
				CLANG_CXX_LANGUAGE_STANDARD = "gnu++0x";
				CLANG_CXX_LIBRARY = "libc++";
				CLANG_ENABLE_MODULES = YES;
				CLANG_ENABLE_OBJC_ARC = YES;
				CLANG_WARN_BOOL_CONVERSION = YES;
				CLANG_WARN_CONSTANT_CONVERSION = YES;
				CLANG_WARN_DIRECT_OBJC_ISA_USAGE = YES_ERROR;
				CLANG_WARN_EMPTY_BODY = YES;
				CLANG_WARN_ENUM_CONVERSION = YES;
				CLANG_WARN_INT_CONVERSION = YES;
				CLANG_WARN_OBJC_ROOT_CLASS = YES_ERROR;
				CLANG_WARN_UNREACHABLE_CODE = YES;
				CLANG_WARN__DUPLICATE_METHOD_MATCH = YES;
				"CODE_SIGN_IDENTITY[sdk=iphoneos*]" = "iPhone Developer";
				COPY_PHASE_STRIP = NO;
				DEBUG_INFORMATION_FORMAT = "dwarf-with-dsym";
				ENABLE_NS_ASSERTIONS = NO;
				ENABLE_STRICT_OBJC_MSGSEND = YES;
				GCC_C_LANGUAGE_STANDARD = gnu99;
				GCC_NO_COMMON_BLOCKS = YES;
				GCC_WARN_64_TO_32_BIT_CONVERSION = YES;
				GCC_WARN_ABOUT_RETURN_TYPE = YES_ERROR;
				GCC_WARN_UNDECLARED_SELECTOR = YES;
				GCC_WARN_UNINITIALIZED_AUTOS = YES_AGGRESSIVE;
				GCC_WARN_UNUSED_FUNCTION = YES;
				GCC_WARN_UNUSED_VARIABLE = YES;
				IPHONEOS_DEPLOYMENT_TARGET = 8.3;
				MTL_ENABLE_DEBUG_INFO = NO;
				SDKROOT = iphoneos;
				VALIDATE_PRODUCT = YES;
			};
			name = Release;
		};
		B14011401B009F17008DB534 /* Debug */ = {
			isa = XCBuildConfiguration;
			buildSettings = {
				ASSETCATALOG_COMPILER_APPICON_NAME = AppIcon;
				INFOPLIST_FILE = AppleWatchLabel/Info.plist;
				LD_RUNPATH_SEARCH_PATHS = "$(inherited) @executable_path/Frameworks";
				PRODUCT_NAME = "$(TARGET_NAME)";
			};
			name = Debug;
		};
		B14011411B009F17008DB534 /* Release */ = {
			isa = XCBuildConfiguration;
			buildSettings = {
				ASSETCATALOG_COMPILER_APPICON_NAME = AppIcon;
				INFOPLIST_FILE = AppleWatchLabel/Info.plist;
				LD_RUNPATH_SEARCH_PATHS = "$(inherited) @executable_path/Frameworks";
				PRODUCT_NAME = "$(TARGET_NAME)";
			};
			name = Release;
		};
		B14011431B009F17008DB534 /* Debug */ = {
			isa = XCBuildConfiguration;
			buildSettings = {
				BUNDLE_LOADER = "$(TEST_HOST)";
				FRAMEWORK_SEARCH_PATHS = (
					"$(SDKROOT)/Developer/Library/Frameworks",
					"$(inherited)",
				);
				GCC_PREPROCESSOR_DEFINITIONS = (
					"DEBUG=1",
					"$(inherited)",
				);
				INFOPLIST_FILE = AppleWatchLabelTests/Info.plist;
				LD_RUNPATH_SEARCH_PATHS = "$(inherited) @executable_path/Frameworks @loader_path/Frameworks";
				PRODUCT_NAME = "$(TARGET_NAME)";
				TEST_HOST = "$(BUILT_PRODUCTS_DIR)/AppleWatchLabel.app/AppleWatchLabel";
			};
			name = Debug;
		};
		B14011441B009F17008DB534 /* Release */ = {
			isa = XCBuildConfiguration;
			buildSettings = {
				BUNDLE_LOADER = "$(TEST_HOST)";
				FRAMEWORK_SEARCH_PATHS = (
					"$(SDKROOT)/Developer/Library/Frameworks",
					"$(inherited)",
				);
				INFOPLIST_FILE = AppleWatchLabelTests/Info.plist;
				LD_RUNPATH_SEARCH_PATHS = "$(inherited) @executable_path/Frameworks @loader_path/Frameworks";
				PRODUCT_NAME = "$(TARGET_NAME)";
				TEST_HOST = "$(BUILT_PRODUCTS_DIR)/AppleWatchLabel.app/AppleWatchLabel";
			};
			name = Release;
		};
		B14011631B009F36008DB534 /* Debug */ = {
			isa = XCBuildConfiguration;
			buildSettings = {
				ASSETCATALOG_COMPILER_APPICON_NAME = AppIcon;
				GCC_PREPROCESSOR_DEFINITIONS = (
					"DEBUG=1",
					"$(inherited)",
				);
				IBSC_MODULE = AppleWatchLabel_WatchKit_Extension;
				INFOPLIST_FILE = "AppleWatchLabel WatchKit App/Info.plist";
				IPHONEOS_DEPLOYMENT_TARGET = 8.2;
				PRODUCT_NAME = "$(TARGET_NAME)";
				SKIP_INSTALL = YES;
				TARGETED_DEVICE_FAMILY = 4;
				"TARGETED_DEVICE_FAMILY[sdk=iphonesimulator*]" = "1,4";
			};
			name = Debug;
		};
		B14011641B009F36008DB534 /* Release */ = {
			isa = XCBuildConfiguration;
			buildSettings = {
				ASSETCATALOG_COMPILER_APPICON_NAME = AppIcon;
				IBSC_MODULE = AppleWatchLabel_WatchKit_Extension;
				INFOPLIST_FILE = "AppleWatchLabel WatchKit App/Info.plist";
				IPHONEOS_DEPLOYMENT_TARGET = 8.2;
				PRODUCT_NAME = "$(TARGET_NAME)";
				SKIP_INSTALL = YES;
				TARGETED_DEVICE_FAMILY = 4;
				"TARGETED_DEVICE_FAMILY[sdk=iphonesimulator*]" = "1,4";
			};
			name = Release;
		};
		B14011661B009F36008DB534 /* Debug */ = {
			isa = XCBuildConfiguration;
			buildSettings = {
				GCC_PREPROCESSOR_DEFINITIONS = (
					"DEBUG=1",
					"$(inherited)",
				);
				INFOPLIST_FILE = "AppleWatchLabel WatchKit Extension/Info.plist";
				LD_RUNPATH_SEARCH_PATHS = "$(inherited) @executable_path/Frameworks @executable_path/../../Frameworks";
				PRODUCT_NAME = "${TARGET_NAME}";
				SKIP_INSTALL = YES;
			};
			name = Debug;
		};
		B14011671B009F36008DB534 /* Release */ = {
			isa = XCBuildConfiguration;
			buildSettings = {
				INFOPLIST_FILE = "AppleWatchLabel WatchKit Extension/Info.plist";
				LD_RUNPATH_SEARCH_PATHS = "$(inherited) @executable_path/Frameworks @executable_path/../../Frameworks";
				PRODUCT_NAME = "${TARGET_NAME}";
				SKIP_INSTALL = YES;
			};
			name = Release;
		};
/* End XCBuildConfiguration section */

/* Begin XCConfigurationList section */
		B140111B1B009F16008DB534 /* Build configuration list for PBXProject "AppleWatchLabel" */ = {
			isa = XCConfigurationList;
			buildConfigurations = (
				B140113D1B009F17008DB534 /* Debug */,
				B140113E1B009F17008DB534 /* Release */,
			);
			defaultConfigurationIsVisible = 0;
			defaultConfigurationName = Release;
		};
		B140113F1B009F17008DB534 /* Build configuration list for PBXNativeTarget "AppleWatchLabel" */ = {
			isa = XCConfigurationList;
			buildConfigurations = (
				B14011401B009F17008DB534 /* Debug */,
				B14011411B009F17008DB534 /* Release */,
			);
			defaultConfigurationIsVisible = 0;
		};
		B14011421B009F17008DB534 /* Build configuration list for PBXNativeTarget "AppleWatchLabelTests" */ = {
			isa = XCConfigurationList;
			buildConfigurations = (
				B14011431B009F17008DB534 /* Debug */,
				B14011441B009F17008DB534 /* Release */,
			);
			defaultConfigurationIsVisible = 0;
		};
		B14011621B009F36008DB534 /* Build configuration list for PBXNativeTarget "AppleWatchLabel WatchKit App" */ = {
			isa = XCConfigurationList;
			buildConfigurations = (
				B14011631B009F36008DB534 /* Debug */,
				B14011641B009F36008DB534 /* Release */,
			);
			defaultConfigurationIsVisible = 0;
		};
		B14011651B009F36008DB534 /* Build configuration list for PBXNativeTarget "AppleWatchLabel WatchKit Extension" */ = {
			isa = XCConfigurationList;
			buildConfigurations = (
				B14011661B009F36008DB534 /* Debug */,
				B14011671B009F36008DB534 /* Release */,
			);
			defaultConfigurationIsVisible = 0;
		};
/* End XCConfigurationList section */
	};
	rootObject = B14011181B009F16008DB534 /* Project object */;
}
